// !$*UTF8*$!
{
	archiveVersion = 1;
	classes = {
	};
	objectVersion = 46;
	objects = {

/* Begin PBXBuildFile section */
		6234584E1A9D2FA4009BD491 /* HTMLNode.h in Headers */ = {isa = PBXBuildFile; fileRef = 6234584C1A9D2FA4009BD491 /* HTMLNode.h */; };
		6234584F1A9D2FA4009BD491 /* HTMLNode.m in Sources */ = {isa = PBXBuildFile; fileRef = 6234584D1A9D2FA4009BD491 /* HTMLNode.m */; };
		623458501A9D2FA4009BD491 /* HTMLNode.m in Sources */ = {isa = PBXBuildFile; fileRef = 6234584D1A9D2FA4009BD491 /* HTMLNode.m */; };
		623857961A9E8606003A45D9 /* HTMLDocumentType.h in Headers */ = {isa = PBXBuildFile; fileRef = 623857941A9E8606003A45D9 /* HTMLDocumentType.h */; };
		623857971A9E8606003A45D9 /* HTMLDocumentType.m in Sources */ = {isa = PBXBuildFile; fileRef = 623857951A9E8606003A45D9 /* HTMLDocumentType.m */; };
		623857981A9E8606003A45D9 /* HTMLDocumentType.m in Sources */ = {isa = PBXBuildFile; fileRef = 623857951A9E8606003A45D9 /* HTMLDocumentType.m */; };
		6238579B1A9E8934003A45D9 /* HTMLComment.h in Headers */ = {isa = PBXBuildFile; fileRef = 623857991A9E8934003A45D9 /* HTMLComment.h */; };
		6238579C1A9E8934003A45D9 /* HTMLComment.m in Sources */ = {isa = PBXBuildFile; fileRef = 6238579A1A9E8934003A45D9 /* HTMLComment.m */; };
		6238579D1A9E8934003A45D9 /* HTMLComment.m in Sources */ = {isa = PBXBuildFile; fileRef = 6238579A1A9E8934003A45D9 /* HTMLComment.m */; };
		624493A619CCC54100BCDDF4 /* HTMLTokenizer.h in Headers */ = {isa = PBXBuildFile; fileRef = 624493A419CCC54100BCDDF4 /* HTMLTokenizer.h */; };
		624493A719CCC54100BCDDF4 /* HTMLTokenizer.m in Sources */ = {isa = PBXBuildFile; fileRef = 624493A519CCC54100BCDDF4 /* HTMLTokenizer.m */; };
		624493A819CCC54100BCDDF4 /* HTMLTokenizer.m in Sources */ = {isa = PBXBuildFile; fileRef = 624493A519CCC54100BCDDF4 /* HTMLTokenizer.m */; };
		624493AC19CD0CBE00BCDDF4 /* HTMLToken.h in Headers */ = {isa = PBXBuildFile; fileRef = 624493AA19CD0CBE00BCDDF4 /* HTMLToken.h */; };
		624493AD19CD0CBE00BCDDF4 /* HTMLToken.m in Sources */ = {isa = PBXBuildFile; fileRef = 624493AB19CD0CBE00BCDDF4 /* HTMLToken.m */; };
		624493AE19CD0CBE00BCDDF4 /* HTMLToken.m in Sources */ = {isa = PBXBuildFile; fileRef = 624493AB19CD0CBE00BCDDF4 /* HTMLToken.m */; };
		624AC8FF19FBF59800BD3C4A /* HTMLTokens.h in Headers */ = {isa = PBXBuildFile; fileRef = 624AC8FE19FBF4F700BD3C4A /* HTMLTokens.h */; };
		624AC90119FBF9ED00BD3C4A /* HTMLTokenizerTests.m in Sources */ = {isa = PBXBuildFile; fileRef = 624AC90019FBF9ED00BD3C4A /* HTMLTokenizerTests.m */; };
		624AC90219FBF9ED00BD3C4A /* HTMLTokenizerTests.m in Sources */ = {isa = PBXBuildFile; fileRef = 624AC90019FBF9ED00BD3C4A /* HTMLTokenizerTests.m */; };
		624AC90519FBFE9A00BD3C4A /* html5lib-tests in Resources */ = {isa = PBXBuildFile; fileRef = 624AC90419FBFE8A00BD3C4A /* html5lib-tests */; };
		624AC90619FBFEA000BD3C4A /* html5lib-tests in Resources */ = {isa = PBXBuildFile; fileRef = 624AC90419FBFE8A00BD3C4A /* html5lib-tests */; };
		624AC90E19FC702E00BD3C4A /* HTML Standard.html in Resources */ = {isa = PBXBuildFile; fileRef = 624AC90D19FC702E00BD3C4A /* HTML Standard.html */; };
		624AC90F19FC702E00BD3C4A /* HTML Standard.html in Resources */ = {isa = PBXBuildFile; fileRef = 624AC90D19FC702E00BD3C4A /* HTML Standard.html */; };
		625A14B019C7829400AD0C32 /* Cocoa.framework in Frameworks */ = {isa = PBXBuildFile; fileRef = 625A14AF19C7829400AD0C32 /* Cocoa.framework */; };
		625A14BA19C7829400AD0C32 /* InfoPlist.strings in Resources */ = {isa = PBXBuildFile; fileRef = 625A14B819C7829400AD0C32 /* InfoPlist.strings */; };
		625A14BE19C7829400AD0C32 /* HTMLKit.m in Sources */ = {isa = PBXBuildFile; fileRef = 625A14BD19C7829400AD0C32 /* HTMLKit.m */; };
		625A14C519C7829400AD0C32 /* XCTest.framework in Frameworks */ = {isa = PBXBuildFile; fileRef = 625A14C419C7829400AD0C32 /* XCTest.framework */; };
		625A14C619C7829400AD0C32 /* Cocoa.framework in Frameworks */ = {isa = PBXBuildFile; fileRef = 625A14AF19C7829400AD0C32 /* Cocoa.framework */; };
		625A14C919C7829400AD0C32 /* HTMLKit.framework in Frameworks */ = {isa = PBXBuildFile; fileRef = 625A14AC19C7829400AD0C32 /* HTMLKit.framework */; };
		625A14CF19C7829400AD0C32 /* InfoPlist.strings in Resources */ = {isa = PBXBuildFile; fileRef = 625A14CD19C7829400AD0C32 /* InfoPlist.strings */; };
		625A14D119C7829400AD0C32 /* HTMLKitTests.m in Sources */ = {isa = PBXBuildFile; fileRef = 625A14D019C7829400AD0C32 /* HTMLKitTests.m */; };
		625A14E019C7834100AD0C32 /* Foundation.framework in Frameworks */ = {isa = PBXBuildFile; fileRef = 625A14DF19C7834100AD0C32 /* Foundation.framework */; };
		625A14ED19C7834100AD0C32 /* XCTest.framework in Frameworks */ = {isa = PBXBuildFile; fileRef = 625A14C419C7829400AD0C32 /* XCTest.framework */; };
		625A14EE19C7834100AD0C32 /* Foundation.framework in Frameworks */ = {isa = PBXBuildFile; fileRef = 625A14DF19C7834100AD0C32 /* Foundation.framework */; };
		625A14F319C7834100AD0C32 /* libHTMLKit.a in Frameworks */ = {isa = PBXBuildFile; fileRef = 625A14DE19C7834000AD0C32 /* libHTMLKit.a */; };
		625A150219C783DE00AD0C32 /* HTMLKit.m in Sources */ = {isa = PBXBuildFile; fileRef = 625A14BD19C7829400AD0C32 /* HTMLKit.m */; };
		625A150319C783E200AD0C32 /* HTMLKit.h in CopyFiles */ = {isa = PBXBuildFile; fileRef = 625A14BC19C7829400AD0C32 /* HTMLKit.h */; };
		625A150419C783EB00AD0C32 /* HTMLKit.h in Headers */ = {isa = PBXBuildFile; fileRef = 625A14BC19C7829400AD0C32 /* HTMLKit.h */; settings = {ATTRIBUTES = (Public, ); }; };
		625A150519C783FD00AD0C32 /* HTMLKitTests.m in Sources */ = {isa = PBXBuildFile; fileRef = 625A14D019C7829400AD0C32 /* HTMLKitTests.m */; };
		625A150819C78ABA00AD0C32 /* HTMLInputStreamReader.h in Headers */ = {isa = PBXBuildFile; fileRef = 625A150619C78ABA00AD0C32 /* HTMLInputStreamReader.h */; };
		625A150919C78ABA00AD0C32 /* HTMLInputStreamReader.m in Sources */ = {isa = PBXBuildFile; fileRef = 625A150719C78ABA00AD0C32 /* HTMLInputStreamReader.m */; };
		625A150A19C78ABA00AD0C32 /* HTMLInputStreamReader.m in Sources */ = {isa = PBXBuildFile; fileRef = 625A150719C78ABA00AD0C32 /* HTMLInputStreamReader.m */; };
		6279F87419E1808D00F12EE5 /* HTMLElement.h in Headers */ = {isa = PBXBuildFile; fileRef = 6279F87219E1808D00F12EE5 /* HTMLElement.h */; };
		6279F87519E1808D00F12EE5 /* HTMLElement.m in Sources */ = {isa = PBXBuildFile; fileRef = 6279F87319E1808D00F12EE5 /* HTMLElement.m */; };
		6279F87619E1808D00F12EE5 /* HTMLElement.m in Sources */ = {isa = PBXBuildFile; fileRef = 6279F87319E1808D00F12EE5 /* HTMLElement.m */; };
		62AE593519F97D880043F069 /* HTMLParseErrorToken.h in Headers */ = {isa = PBXBuildFile; fileRef = 62AE593319F97D880043F069 /* HTMLParseErrorToken.h */; };
		62AE593619F97D880043F069 /* HTMLParseErrorToken.m in Sources */ = {isa = PBXBuildFile; fileRef = 62AE593419F97D880043F069 /* HTMLParseErrorToken.m */; };
		62AE593719F97D880043F069 /* HTMLParseErrorToken.m in Sources */ = {isa = PBXBuildFile; fileRef = 62AE593419F97D880043F069 /* HTMLParseErrorToken.m */; };
		62AE593A19F97E1C0043F069 /* HTMLDOCTYPEToken.h in Headers */ = {isa = PBXBuildFile; fileRef = 62AE593819F97E1C0043F069 /* HTMLDOCTYPEToken.h */; };
		62AE593B19F97E1C0043F069 /* HTMLDOCTYPEToken.m in Sources */ = {isa = PBXBuildFile; fileRef = 62AE593919F97E1C0043F069 /* HTMLDOCTYPEToken.m */; };
		62AE593C19F97E1C0043F069 /* HTMLDOCTYPEToken.m in Sources */ = {isa = PBXBuildFile; fileRef = 62AE593919F97E1C0043F069 /* HTMLDOCTYPEToken.m */; };
		62AE593F19F9907C0043F069 /* HTMLTagToken.h in Headers */ = {isa = PBXBuildFile; fileRef = 62AE593D19F9907C0043F069 /* HTMLTagToken.h */; };
		62AE594019F9907C0043F069 /* HTMLTagToken.m in Sources */ = {isa = PBXBuildFile; fileRef = 62AE593E19F9907C0043F069 /* HTMLTagToken.m */; };
		62AE594119F9907C0043F069 /* HTMLTagToken.m in Sources */ = {isa = PBXBuildFile; fileRef = 62AE593E19F9907C0043F069 /* HTMLTagToken.m */; };
		62AE594419F992F30043F069 /* HTMLCommentToken.h in Headers */ = {isa = PBXBuildFile; fileRef = 62AE594219F992F30043F069 /* HTMLCommentToken.h */; };
		62AE594519F992F30043F069 /* HTMLCommentToken.m in Sources */ = {isa = PBXBuildFile; fileRef = 62AE594319F992F30043F069 /* HTMLCommentToken.m */; };
		62AE594619F992F30043F069 /* HTMLCommentToken.m in Sources */ = {isa = PBXBuildFile; fileRef = 62AE594319F992F30043F069 /* HTMLCommentToken.m */; };
		62AE594919F9948A0043F069 /* HTMLCharacterToken.h in Headers */ = {isa = PBXBuildFile; fileRef = 62AE594719F9948A0043F069 /* HTMLCharacterToken.h */; };
		62AE594A19F9948A0043F069 /* HTMLCharacterToken.m in Sources */ = {isa = PBXBuildFile; fileRef = 62AE594819F9948A0043F069 /* HTMLCharacterToken.m */; };
		62AE594B19F9948A0043F069 /* HTMLCharacterToken.m in Sources */ = {isa = PBXBuildFile; fileRef = 62AE594819F9948A0043F069 /* HTMLCharacterToken.m */; };
		62D8345919FB1AC4009205A9 /* HTML5LibTest.m in Sources */ = {isa = PBXBuildFile; fileRef = 62D8345819FB1AC4009205A9 /* HTML5LibTest.m */; };
		62D8345A19FB1AC4009205A9 /* HTML5LibTest.m in Sources */ = {isa = PBXBuildFile; fileRef = 62D8345819FB1AC4009205A9 /* HTML5LibTest.m */; };
		62F31FDD19E9DCCF007F0657 /* HTMLTokenizerEntities.h in Headers */ = {isa = PBXBuildFile; fileRef = 62F31FDB19E9DCCF007F0657 /* HTMLTokenizerEntities.h */; };
		62F31FDE19E9DCCF007F0657 /* HTMLTokenizerEntities.m in Sources */ = {isa = PBXBuildFile; fileRef = 62F31FDC19E9DCCF007F0657 /* HTMLTokenizerEntities.m */; };
		62F31FDF19E9DCCF007F0657 /* HTMLTokenizerEntities.m in Sources */ = {isa = PBXBuildFile; fileRef = 62F31FDC19E9DCCF007F0657 /* HTMLTokenizerEntities.m */; };
		62F873EB19E088C90062683C /* HTMLParser.h in Headers */ = {isa = PBXBuildFile; fileRef = 62F873E919E088C90062683C /* HTMLParser.h */; };
		62F873EC19E088C90062683C /* HTMLParser.m in Sources */ = {isa = PBXBuildFile; fileRef = 62F873EA19E088C90062683C /* HTMLParser.m */; };
		62F873ED19E088C90062683C /* HTMLParser.m in Sources */ = {isa = PBXBuildFile; fileRef = 62F873EA19E088C90062683C /* HTMLParser.m */; };
/* End PBXBuildFile section */

/* Begin PBXContainerItemProxy section */
		625A14C719C7829400AD0C32 /* PBXContainerItemProxy */ = {
			isa = PBXContainerItemProxy;
			containerPortal = 625A14A319C7829400AD0C32 /* Project object */;
			proxyType = 1;
			remoteGlobalIDString = 625A14AB19C7829400AD0C32;
			remoteInfo = HTMLKit;
		};
		625A14F119C7834100AD0C32 /* PBXContainerItemProxy */ = {
			isa = PBXContainerItemProxy;
			containerPortal = 625A14A319C7829400AD0C32 /* Project object */;
			proxyType = 1;
			remoteGlobalIDString = 625A14DD19C7834000AD0C32;
			remoteInfo = HTMLKit;
		};
/* End PBXContainerItemProxy section */

/* Begin PBXCopyFilesBuildPhase section */
		625A14DC19C7834000AD0C32 /* CopyFiles */ = {
			isa = PBXCopyFilesBuildPhase;
			buildActionMask = 2147483647;
			dstPath = "include/$(PRODUCT_NAME)";
			dstSubfolderSpec = 16;
			files = (
				625A150319C783E200AD0C32 /* HTMLKit.h in CopyFiles */,
			);
			runOnlyForDeploymentPostprocessing = 0;
		};
/* End PBXCopyFilesBuildPhase section */

/* Begin PBXFileReference section */
		6223211D1A969B9300BACED5 /* HTMLElementTypes.h */ = {isa = PBXFileReference; lastKnownFileType = sourcecode.c.h; path = HTMLElementTypes.h; sourceTree = "<group>"; };
		6234584C1A9D2FA4009BD491 /* HTMLNode.h */ = {isa = PBXFileReference; fileEncoding = 4; lastKnownFileType = sourcecode.c.h; path = HTMLNode.h; sourceTree = "<group>"; };
		6234584D1A9D2FA4009BD491 /* HTMLNode.m */ = {isa = PBXFileReference; fileEncoding = 4; lastKnownFileType = sourcecode.c.objc; path = HTMLNode.m; sourceTree = "<group>"; };
		623857941A9E8606003A45D9 /* HTMLDocumentType.h */ = {isa = PBXFileReference; fileEncoding = 4; lastKnownFileType = sourcecode.c.h; path = HTMLDocumentType.h; sourceTree = "<group>"; };
		623857951A9E8606003A45D9 /* HTMLDocumentType.m */ = {isa = PBXFileReference; fileEncoding = 4; lastKnownFileType = sourcecode.c.objc; path = HTMLDocumentType.m; sourceTree = "<group>"; };
		623857991A9E8934003A45D9 /* HTMLComment.h */ = {isa = PBXFileReference; fileEncoding = 4; lastKnownFileType = sourcecode.c.h; path = HTMLComment.h; sourceTree = "<group>"; };
		6238579A1A9E8934003A45D9 /* HTMLComment.m */ = {isa = PBXFileReference; fileEncoding = 4; lastKnownFileType = sourcecode.c.objc; path = HTMLComment.m; sourceTree = "<group>"; };
		624493A419CCC54100BCDDF4 /* HTMLTokenizer.h */ = {isa = PBXFileReference; fileEncoding = 4; lastKnownFileType = sourcecode.c.h; path = HTMLTokenizer.h; sourceTree = "<group>"; };
		624493A519CCC54100BCDDF4 /* HTMLTokenizer.m */ = {isa = PBXFileReference; fileEncoding = 4; lastKnownFileType = sourcecode.c.objc; path = HTMLTokenizer.m; sourceTree = "<group>"; };
		624493A919CCE84A00BCDDF4 /* HTMLTokenizerStates.h */ = {isa = PBXFileReference; lastKnownFileType = sourcecode.c.h; path = HTMLTokenizerStates.h; sourceTree = "<group>"; };
		624493AA19CD0CBE00BCDDF4 /* HTMLToken.h */ = {isa = PBXFileReference; fileEncoding = 4; lastKnownFileType = sourcecode.c.h; path = HTMLToken.h; sourceTree = "<group>"; };
		624493AB19CD0CBE00BCDDF4 /* HTMLToken.m */ = {isa = PBXFileReference; fileEncoding = 4; lastKnownFileType = sourcecode.c.objc; path = HTMLToken.m; sourceTree = "<group>"; };
		624AC8FE19FBF4F700BD3C4A /* HTMLTokens.h */ = {isa = PBXFileReference; lastKnownFileType = sourcecode.c.h; path = HTMLTokens.h; sourceTree = "<group>"; };
		624AC90019FBF9ED00BD3C4A /* HTMLTokenizerTests.m */ = {isa = PBXFileReference; fileEncoding = 4; lastKnownFileType = sourcecode.c.objc; path = HTMLTokenizerTests.m; sourceTree = "<group>"; };
		624AC90319FBFD1A00BD3C4A /* HTMLKitTests.h */ = {isa = PBXFileReference; lastKnownFileType = sourcecode.c.h; path = HTMLKitTests.h; sourceTree = "<group>"; };
		624AC90419FBFE8A00BD3C4A /* html5lib-tests */ = {isa = PBXFileReference; lastKnownFileType = folder; path = "html5lib-tests"; sourceTree = "<group>"; };
		624AC90D19FC702E00BD3C4A /* HTML Standard.html */ = {isa = PBXFileReference; fileEncoding = 4; lastKnownFileType = text.html; path = "HTML Standard.html"; sourceTree = "<group>"; };
		625A14AC19C7829400AD0C32 /* HTMLKit.framework */ = {isa = PBXFileReference; explicitFileType = wrapper.framework; includeInIndex = 0; path = HTMLKit.framework; sourceTree = BUILT_PRODUCTS_DIR; };
		625A14AF19C7829400AD0C32 /* Cocoa.framework */ = {isa = PBXFileReference; lastKnownFileType = wrapper.framework; name = Cocoa.framework; path = System/Library/Frameworks/Cocoa.framework; sourceTree = SDKROOT; };
		625A14B219C7829400AD0C32 /* Foundation.framework */ = {isa = PBXFileReference; lastKnownFileType = wrapper.framework; name = Foundation.framework; path = System/Library/Frameworks/Foundation.framework; sourceTree = SDKROOT; };
		625A14B319C7829400AD0C32 /* CoreData.framework */ = {isa = PBXFileReference; lastKnownFileType = wrapper.framework; name = CoreData.framework; path = System/Library/Frameworks/CoreData.framework; sourceTree = SDKROOT; };
		625A14B419C7829400AD0C32 /* AppKit.framework */ = {isa = PBXFileReference; lastKnownFileType = wrapper.framework; name = AppKit.framework; path = System/Library/Frameworks/AppKit.framework; sourceTree = SDKROOT; };
		625A14B719C7829400AD0C32 /* HTMLKit-Info.plist */ = {isa = PBXFileReference; lastKnownFileType = text.plist.xml; path = "HTMLKit-Info.plist"; sourceTree = "<group>"; };
		625A14B919C7829400AD0C32 /* en */ = {isa = PBXFileReference; lastKnownFileType = text.plist.strings; name = en; path = en.lproj/InfoPlist.strings; sourceTree = "<group>"; };
		625A14BB19C7829400AD0C32 /* HTMLKit-Prefix.pch */ = {isa = PBXFileReference; lastKnownFileType = sourcecode.c.h; path = "HTMLKit-Prefix.pch"; sourceTree = "<group>"; };
		625A14BC19C7829400AD0C32 /* HTMLKit.h */ = {isa = PBXFileReference; lastKnownFileType = sourcecode.c.h; path = HTMLKit.h; sourceTree = "<group>"; };
		625A14BD19C7829400AD0C32 /* HTMLKit.m */ = {isa = PBXFileReference; lastKnownFileType = sourcecode.c.objc; path = HTMLKit.m; sourceTree = "<group>"; };
		625A14C319C7829400AD0C32 /* HTMLKitFrameworkTests.xctest */ = {isa = PBXFileReference; explicitFileType = wrapper.cfbundle; includeInIndex = 0; path = HTMLKitFrameworkTests.xctest; sourceTree = BUILT_PRODUCTS_DIR; };
		625A14C419C7829400AD0C32 /* XCTest.framework */ = {isa = PBXFileReference; lastKnownFileType = wrapper.framework; name = XCTest.framework; path = Library/Frameworks/XCTest.framework; sourceTree = DEVELOPER_DIR; };
		625A14CC19C7829400AD0C32 /* HTMLKitTests-Info.plist */ = {isa = PBXFileReference; lastKnownFileType = text.plist.xml; path = "HTMLKitTests-Info.plist"; sourceTree = "<group>"; };
		625A14CE19C7829400AD0C32 /* en */ = {isa = PBXFileReference; lastKnownFileType = text.plist.strings; name = en; path = en.lproj/InfoPlist.strings; sourceTree = "<group>"; };
		625A14D019C7829400AD0C32 /* HTMLKitTests.m */ = {isa = PBXFileReference; lastKnownFileType = sourcecode.c.objc; path = HTMLKitTests.m; sourceTree = "<group>"; };
		625A14DE19C7834000AD0C32 /* libHTMLKit.a */ = {isa = PBXFileReference; explicitFileType = archive.ar; includeInIndex = 0; path = libHTMLKit.a; sourceTree = BUILT_PRODUCTS_DIR; };
		625A14DF19C7834100AD0C32 /* Foundation.framework */ = {isa = PBXFileReference; lastKnownFileType = wrapper.framework; name = Foundation.framework; path = System/Library/Frameworks/Foundation.framework; sourceTree = SDKROOT; };
		625A14EC19C7834100AD0C32 /* HTMLKitTests.xctest */ = {isa = PBXFileReference; explicitFileType = wrapper.cfbundle; includeInIndex = 0; path = HTMLKitTests.xctest; sourceTree = BUILT_PRODUCTS_DIR; };
		625A150619C78ABA00AD0C32 /* HTMLInputStreamReader.h */ = {isa = PBXFileReference; fileEncoding = 4; lastKnownFileType = sourcecode.c.h; path = HTMLInputStreamReader.h; sourceTree = "<group>"; };
		625A150719C78ABA00AD0C32 /* HTMLInputStreamReader.m */ = {isa = PBXFileReference; fileEncoding = 4; lastKnownFileType = sourcecode.c.objc; path = HTMLInputStreamReader.m; sourceTree = "<group>"; };
		6279F87119E17DC700F12EE5 /* HTMLParserInsertionModes.h */ = {isa = PBXFileReference; lastKnownFileType = sourcecode.c.h; path = HTMLParserInsertionModes.h; sourceTree = "<group>"; };
		6279F87219E1808D00F12EE5 /* HTMLElement.h */ = {isa = PBXFileReference; fileEncoding = 4; lastKnownFileType = sourcecode.c.h; path = HTMLElement.h; sourceTree = "<group>"; };
		6279F87319E1808D00F12EE5 /* HTMLElement.m */ = {isa = PBXFileReference; fileEncoding = 4; lastKnownFileType = sourcecode.c.objc; path = HTMLElement.m; sourceTree = "<group>"; };
		628B7CE61A080E1000602C87 /* HTMLNamespaces.h */ = {isa = PBXFileReference; lastKnownFileType = sourcecode.c.h; path = HTMLNamespaces.h; sourceTree = "<group>"; };
		62AE593319F97D880043F069 /* HTMLParseErrorToken.h */ = {isa = PBXFileReference; fileEncoding = 4; lastKnownFileType = sourcecode.c.h; path = HTMLParseErrorToken.h; sourceTree = "<group>"; };
		62AE593419F97D880043F069 /* HTMLParseErrorToken.m */ = {isa = PBXFileReference; fileEncoding = 4; lastKnownFileType = sourcecode.c.objc; path = HTMLParseErrorToken.m; sourceTree = "<group>"; };
		62AE593819F97E1C0043F069 /* HTMLDOCTYPEToken.h */ = {isa = PBXFileReference; fileEncoding = 4; lastKnownFileType = sourcecode.c.h; path = HTMLDOCTYPEToken.h; sourceTree = "<group>"; };
		62AE593919F97E1C0043F069 /* HTMLDOCTYPEToken.m */ = {isa = PBXFileReference; fileEncoding = 4; lastKnownFileType = sourcecode.c.objc; path = HTMLDOCTYPEToken.m; sourceTree = "<group>"; };
		62AE593D19F9907C0043F069 /* HTMLTagToken.h */ = {isa = PBXFileReference; fileEncoding = 4; lastKnownFileType = sourcecode.c.h; path = HTMLTagToken.h; sourceTree = "<group>"; };
		62AE593E19F9907C0043F069 /* HTMLTagToken.m */ = {isa = PBXFileReference; fileEncoding = 4; lastKnownFileType = sourcecode.c.objc; path = HTMLTagToken.m; sourceTree = "<group>"; };
		62AE594219F992F30043F069 /* HTMLCommentToken.h */ = {isa = PBXFileReference; fileEncoding = 4; lastKnownFileType = sourcecode.c.h; path = HTMLCommentToken.h; sourceTree = "<group>"; };
		62AE594319F992F30043F069 /* HTMLCommentToken.m */ = {isa = PBXFileReference; fileEncoding = 4; lastKnownFileType = sourcecode.c.objc; path = HTMLCommentToken.m; sourceTree = "<group>"; };
		62AE594719F9948A0043F069 /* HTMLCharacterToken.h */ = {isa = PBXFileReference; fileEncoding = 4; lastKnownFileType = sourcecode.c.h; path = HTMLCharacterToken.h; sourceTree = "<group>"; };
		62AE594819F9948A0043F069 /* HTMLCharacterToken.m */ = {isa = PBXFileReference; fileEncoding = 4; lastKnownFileType = sourcecode.c.objc; path = HTMLCharacterToken.m; sourceTree = "<group>"; };
		62D8345719FB1AC4009205A9 /* HTML5LibTest.h */ = {isa = PBXFileReference; fileEncoding = 4; lastKnownFileType = sourcecode.c.h; path = HTML5LibTest.h; sourceTree = "<group>"; };
		62D8345819FB1AC4009205A9 /* HTML5LibTest.m */ = {isa = PBXFileReference; fileEncoding = 4; lastKnownFileType = sourcecode.c.objc; path = HTML5LibTest.m; sourceTree = "<group>"; };
		62E7CAAE19CDFFB500465A83 /* HTMLTokenizerCharacters.h */ = {isa = PBXFileReference; lastKnownFileType = sourcecode.c.h; path = HTMLTokenizerCharacters.h; sourceTree = "<group>"; };
		62F31FDB19E9DCCF007F0657 /* HTMLTokenizerEntities.h */ = {isa = PBXFileReference; fileEncoding = 4; lastKnownFileType = sourcecode.c.h; path = HTMLTokenizerEntities.h; sourceTree = "<group>"; };
		62F31FDC19E9DCCF007F0657 /* HTMLTokenizerEntities.m */ = {isa = PBXFileReference; fileEncoding = 4; lastKnownFileType = sourcecode.c.objc; path = HTMLTokenizerEntities.m; sourceTree = "<group>"; };
		62F873E919E088C90062683C /* HTMLParser.h */ = {isa = PBXFileReference; fileEncoding = 4; lastKnownFileType = sourcecode.c.h; path = HTMLParser.h; sourceTree = "<group>"; };
		62F873EA19E088C90062683C /* HTMLParser.m */ = {isa = PBXFileReference; fileEncoding = 4; lastKnownFileType = sourcecode.c.objc; path = HTMLParser.m; sourceTree = "<group>"; };
/* End PBXFileReference section */

/* Begin PBXFrameworksBuildPhase section */
		625A14A819C7829400AD0C32 /* Frameworks */ = {
			isa = PBXFrameworksBuildPhase;
			buildActionMask = 2147483647;
			files = (
				625A14B019C7829400AD0C32 /* Cocoa.framework in Frameworks */,
			);
			runOnlyForDeploymentPostprocessing = 0;
		};
		625A14C019C7829400AD0C32 /* Frameworks */ = {
			isa = PBXFrameworksBuildPhase;
			buildActionMask = 2147483647;
			files = (
				625A14C619C7829400AD0C32 /* Cocoa.framework in Frameworks */,
				625A14C519C7829400AD0C32 /* XCTest.framework in Frameworks */,
				625A14C919C7829400AD0C32 /* HTMLKit.framework in Frameworks */,
			);
			runOnlyForDeploymentPostprocessing = 0;
		};
		625A14DB19C7834000AD0C32 /* Frameworks */ = {
			isa = PBXFrameworksBuildPhase;
			buildActionMask = 2147483647;
			files = (
				625A14E019C7834100AD0C32 /* Foundation.framework in Frameworks */,
			);
			runOnlyForDeploymentPostprocessing = 0;
		};
		625A14E919C7834100AD0C32 /* Frameworks */ = {
			isa = PBXFrameworksBuildPhase;
			buildActionMask = 2147483647;
			files = (
				625A14ED19C7834100AD0C32 /* XCTest.framework in Frameworks */,
				625A14EE19C7834100AD0C32 /* Foundation.framework in Frameworks */,
				625A14F319C7834100AD0C32 /* libHTMLKit.a in Frameworks */,
			);
			runOnlyForDeploymentPostprocessing = 0;
		};
/* End PBXFrameworksBuildPhase section */

/* Begin PBXGroup section */
		625A14A219C7829400AD0C32 = {
			isa = PBXGroup;
			children = (
				625A14B519C7829400AD0C32 /* Source Code */,
				625A14CA19C7829400AD0C32 /* Tests */,
				625A14AE19C7829400AD0C32 /* Frameworks */,
				625A14AD19C7829400AD0C32 /* Products */,
			);
			sourceTree = "<group>";
		};
		625A14AD19C7829400AD0C32 /* Products */ = {
			isa = PBXGroup;
			children = (
				625A14AC19C7829400AD0C32 /* HTMLKit.framework */,
				625A14C319C7829400AD0C32 /* HTMLKitFrameworkTests.xctest */,
				625A14DE19C7834000AD0C32 /* libHTMLKit.a */,
				625A14EC19C7834100AD0C32 /* HTMLKitTests.xctest */,
			);
			name = Products;
			sourceTree = "<group>";
		};
		625A14AE19C7829400AD0C32 /* Frameworks */ = {
			isa = PBXGroup;
			children = (
				625A14AF19C7829400AD0C32 /* Cocoa.framework */,
				625A14C419C7829400AD0C32 /* XCTest.framework */,
				625A14DF19C7834100AD0C32 /* Foundation.framework */,
				625A14B119C7829400AD0C32 /* Other Frameworks */,
			);
			name = Frameworks;
			sourceTree = "<group>";
		};
		625A14B119C7829400AD0C32 /* Other Frameworks */ = {
			isa = PBXGroup;
			children = (
				625A14B219C7829400AD0C32 /* Foundation.framework */,
				625A14B319C7829400AD0C32 /* CoreData.framework */,
				625A14B419C7829400AD0C32 /* AppKit.framework */,
			);
			name = "Other Frameworks";
			sourceTree = "<group>";
		};
		625A14B519C7829400AD0C32 /* Source Code */ = {
			isa = PBXGroup;
			children = (
				625A14BC19C7829400AD0C32 /* HTMLKit.h */,
				625A14BD19C7829400AD0C32 /* HTMLKit.m */,
				62AE593219F97CCA0043F069 /* Tokenizing */,
				62F873E919E088C90062683C /* HTMLParser.h */,
				62F873EA19E088C90062683C /* HTMLParser.m */,
				628B7CE61A080E1000602C87 /* HTMLNamespaces.h */,
				6223211D1A969B9300BACED5 /* HTMLElementTypes.h */,
				6279F87119E17DC700F12EE5 /* HTMLParserInsertionModes.h */,
				6234584C1A9D2FA4009BD491 /* HTMLNode.h */,
				6234584D1A9D2FA4009BD491 /* HTMLNode.m */,
				6279F87219E1808D00F12EE5 /* HTMLElement.h */,
				6279F87319E1808D00F12EE5 /* HTMLElement.m */,
				623857941A9E8606003A45D9 /* HTMLDocumentType.h */,
				623857951A9E8606003A45D9 /* HTMLDocumentType.m */,
				623857991A9E8934003A45D9 /* HTMLComment.h */,
				6238579A1A9E8934003A45D9 /* HTMLComment.m */,
				625A14B619C7829400AD0C32 /* Supporting Files */,
			);
			name = "Source Code";
			path = HTMLKit;
			sourceTree = "<group>";
		};
		625A14B619C7829400AD0C32 /* Supporting Files */ = {
			isa = PBXGroup;
			children = (
				625A14B719C7829400AD0C32 /* HTMLKit-Info.plist */,
				625A14B819C7829400AD0C32 /* InfoPlist.strings */,
				625A14BB19C7829400AD0C32 /* HTMLKit-Prefix.pch */,
			);
			name = "Supporting Files";
			sourceTree = "<group>";
		};
		625A14CA19C7829400AD0C32 /* Tests */ = {
			isa = PBXGroup;
			children = (
				62D8345719FB1AC4009205A9 /* HTML5LibTest.h */,
				62D8345819FB1AC4009205A9 /* HTML5LibTest.m */,
				624AC90319FBFD1A00BD3C4A /* HTMLKitTests.h */,
				625A14D019C7829400AD0C32 /* HTMLKitTests.m */,
				624AC90019FBF9ED00BD3C4A /* HTMLTokenizerTests.m */,
				625A14CB19C7829400AD0C32 /* Supporting Files */,
			);
			name = Tests;
			path = HTMLKitTests;
			sourceTree = "<group>";
		};
		625A14CB19C7829400AD0C32 /* Supporting Files */ = {
			isa = PBXGroup;
			children = (
				624AC90D19FC702E00BD3C4A /* HTML Standard.html */,
				624AC90419FBFE8A00BD3C4A /* html5lib-tests */,
				625A14CC19C7829400AD0C32 /* HTMLKitTests-Info.plist */,
				625A14CD19C7829400AD0C32 /* InfoPlist.strings */,
			);
			name = "Supporting Files";
			sourceTree = "<group>";
		};
		62AE593219F97CCA0043F069 /* Tokenizing */ = {
			isa = PBXGroup;
			children = (
				625A150619C78ABA00AD0C32 /* HTMLInputStreamReader.h */,
				625A150719C78ABA00AD0C32 /* HTMLInputStreamReader.m */,
				624493A419CCC54100BCDDF4 /* HTMLTokenizer.h */,
				624493A519CCC54100BCDDF4 /* HTMLTokenizer.m */,
				624493A919CCE84A00BCDDF4 /* HTMLTokenizerStates.h */,
				62E7CAAE19CDFFB500465A83 /* HTMLTokenizerCharacters.h */,
				62F31FDB19E9DCCF007F0657 /* HTMLTokenizerEntities.h */,
				62F31FDC19E9DCCF007F0657 /* HTMLTokenizerEntities.m */,
				624AC8FE19FBF4F700BD3C4A /* HTMLTokens.h */,
				624493AA19CD0CBE00BCDDF4 /* HTMLToken.h */,
				624493AB19CD0CBE00BCDDF4 /* HTMLToken.m */,
				62AE594719F9948A0043F069 /* HTMLCharacterToken.h */,
				62AE594819F9948A0043F069 /* HTMLCharacterToken.m */,
				62AE594219F992F30043F069 /* HTMLCommentToken.h */,
				62AE594319F992F30043F069 /* HTMLCommentToken.m */,
				62AE593819F97E1C0043F069 /* HTMLDOCTYPEToken.h */,
				62AE593919F97E1C0043F069 /* HTMLDOCTYPEToken.m */,
				62AE593319F97D880043F069 /* HTMLParseErrorToken.h */,
				62AE593419F97D880043F069 /* HTMLParseErrorToken.m */,
				62AE593D19F9907C0043F069 /* HTMLTagToken.h */,
				62AE593E19F9907C0043F069 /* HTMLTagToken.m */,
			);
			name = Tokenizing;
			sourceTree = "<group>";
		};
/* End PBXGroup section */

/* Begin PBXHeadersBuildPhase section */
		625A14A919C7829400AD0C32 /* Headers */ = {
			isa = PBXHeadersBuildPhase;
			buildActionMask = 2147483647;
			files = (
				62F873EB19E088C90062683C /* HTMLParser.h in Headers */,
				624AC8FF19FBF59800BD3C4A /* HTMLTokens.h in Headers */,
				62AE594419F992F30043F069 /* HTMLCommentToken.h in Headers */,
				624493AC19CD0CBE00BCDDF4 /* HTMLToken.h in Headers */,
				62F31FDD19E9DCCF007F0657 /* HTMLTokenizerEntities.h in Headers */,
				6279F87419E1808D00F12EE5 /* HTMLElement.h in Headers */,
				62AE593F19F9907C0043F069 /* HTMLTagToken.h in Headers */,
				624493A619CCC54100BCDDF4 /* HTMLTokenizer.h in Headers */,
				62AE593A19F97E1C0043F069 /* HTMLDOCTYPEToken.h in Headers */,
				625A150419C783EB00AD0C32 /* HTMLKit.h in Headers */,
				625A150819C78ABA00AD0C32 /* HTMLInputStreamReader.h in Headers */,
				6238579B1A9E8934003A45D9 /* HTMLComment.h in Headers */,
				62AE593519F97D880043F069 /* HTMLParseErrorToken.h in Headers */,
				62AE594919F9948A0043F069 /* HTMLCharacterToken.h in Headers */,
				623857961A9E8606003A45D9 /* HTMLDocumentType.h in Headers */,
				6234584E1A9D2FA4009BD491 /* HTMLNode.h in Headers */,
			);
			runOnlyForDeploymentPostprocessing = 0;
		};
/* End PBXHeadersBuildPhase section */

/* Begin PBXNativeTarget section */
		625A14AB19C7829400AD0C32 /* HTMLKitFramework */ = {
			isa = PBXNativeTarget;
			buildConfigurationList = 625A14D419C7829400AD0C32 /* Build configuration list for PBXNativeTarget "HTMLKitFramework" */;
			buildPhases = (
				625A14A719C7829400AD0C32 /* Sources */,
				625A14A819C7829400AD0C32 /* Frameworks */,
				625A14A919C7829400AD0C32 /* Headers */,
				625A14AA19C7829400AD0C32 /* Resources */,
			);
			buildRules = (
			);
			dependencies = (
			);
			name = HTMLKitFramework;
			productName = HTMLKit;
			productReference = 625A14AC19C7829400AD0C32 /* HTMLKit.framework */;
			productType = "com.apple.product-type.framework";
		};
		625A14C219C7829400AD0C32 /* HTMLKitFrameworkTests */ = {
			isa = PBXNativeTarget;
			buildConfigurationList = 625A14D719C7829400AD0C32 /* Build configuration list for PBXNativeTarget "HTMLKitFrameworkTests" */;
			buildPhases = (
				625A14BF19C7829400AD0C32 /* Sources */,
				625A14C019C7829400AD0C32 /* Frameworks */,
				625A14C119C7829400AD0C32 /* Resources */,
			);
			buildRules = (
			);
			dependencies = (
				625A14C819C7829400AD0C32 /* PBXTargetDependency */,
			);
			name = HTMLKitFrameworkTests;
			productName = HTMLKitTests;
			productReference = 625A14C319C7829400AD0C32 /* HTMLKitFrameworkTests.xctest */;
			productType = "com.apple.product-type.bundle.unit-test";
		};
		625A14DD19C7834000AD0C32 /* HTMLKit */ = {
			isa = PBXNativeTarget;
			buildConfigurationList = 625A14FC19C7834100AD0C32 /* Build configuration list for PBXNativeTarget "HTMLKit" */;
			buildPhases = (
				625A14DA19C7834000AD0C32 /* Sources */,
				625A14DB19C7834000AD0C32 /* Frameworks */,
				625A14DC19C7834000AD0C32 /* CopyFiles */,
			);
			buildRules = (
			);
			dependencies = (
			);
			name = HTMLKit;
			productName = HTMLKit;
			productReference = 625A14DE19C7834000AD0C32 /* libHTMLKit.a */;
			productType = "com.apple.product-type.library.static";
		};
		625A14EB19C7834100AD0C32 /* HTMLKitTests */ = {
			isa = PBXNativeTarget;
			buildConfigurationList = 625A14FF19C7834100AD0C32 /* Build configuration list for PBXNativeTarget "HTMLKitTests" */;
			buildPhases = (
				625A14E819C7834100AD0C32 /* Sources */,
				625A14E919C7834100AD0C32 /* Frameworks */,
				625A14EA19C7834100AD0C32 /* Resources */,
			);
			buildRules = (
			);
			dependencies = (
				625A14F219C7834100AD0C32 /* PBXTargetDependency */,
			);
			name = HTMLKitTests;
			productName = HTMLKitTests;
			productReference = 625A14EC19C7834100AD0C32 /* HTMLKitTests.xctest */;
			productType = "com.apple.product-type.bundle.unit-test";
		};
/* End PBXNativeTarget section */

/* Begin PBXProject section */
		625A14A319C7829400AD0C32 /* Project object */ = {
			isa = PBXProject;
			attributes = {
				LastUpgradeCheck = 0510;
				ORGANIZATIONNAME = BrainCookie;
				TargetAttributes = {
					625A14C219C7829400AD0C32 = {
						TestTargetID = 625A14AB19C7829400AD0C32;
					};
					625A14EB19C7834100AD0C32 = {
						TestTargetID = 625A14AB19C7829400AD0C32;
					};
				};
			};
			buildConfigurationList = 625A14A619C7829400AD0C32 /* Build configuration list for PBXProject "HTMLKit" */;
			compatibilityVersion = "Xcode 3.2";
			developmentRegion = English;
			hasScannedForEncodings = 0;
			knownRegions = (
				en,
			);
			mainGroup = 625A14A219C7829400AD0C32;
			productRefGroup = 625A14AD19C7829400AD0C32 /* Products */;
			projectDirPath = "";
			projectRoot = "";
			targets = (
				625A14DD19C7834000AD0C32 /* HTMLKit */,
				625A14AB19C7829400AD0C32 /* HTMLKitFramework */,
				625A14EB19C7834100AD0C32 /* HTMLKitTests */,
				625A14C219C7829400AD0C32 /* HTMLKitFrameworkTests */,
			);
		};
/* End PBXProject section */

/* Begin PBXResourcesBuildPhase section */
		625A14AA19C7829400AD0C32 /* Resources */ = {
			isa = PBXResourcesBuildPhase;
			buildActionMask = 2147483647;
			files = (
				625A14BA19C7829400AD0C32 /* InfoPlist.strings in Resources */,
			);
			runOnlyForDeploymentPostprocessing = 0;
		};
		625A14C119C7829400AD0C32 /* Resources */ = {
			isa = PBXResourcesBuildPhase;
			buildActionMask = 2147483647;
			files = (
				624AC90F19FC702E00BD3C4A /* HTML Standard.html in Resources */,
				624AC90519FBFE9A00BD3C4A /* html5lib-tests in Resources */,
				625A14CF19C7829400AD0C32 /* InfoPlist.strings in Resources */,
			);
			runOnlyForDeploymentPostprocessing = 0;
		};
		625A14EA19C7834100AD0C32 /* Resources */ = {
			isa = PBXResourcesBuildPhase;
			buildActionMask = 2147483647;
			files = (
				624AC90619FBFEA000BD3C4A /* html5lib-tests in Resources */,
				624AC90E19FC702E00BD3C4A /* HTML Standard.html in Resources */,
			);
			runOnlyForDeploymentPostprocessing = 0;
		};
/* End PBXResourcesBuildPhase section */

/* Begin PBXSourcesBuildPhase section */
		625A14A719C7829400AD0C32 /* Sources */ = {
			isa = PBXSourcesBuildPhase;
			buildActionMask = 2147483647;
			files = (
				6238579D1A9E8934003A45D9 /* HTMLComment.m in Sources */,
				624493AE19CD0CBE00BCDDF4 /* HTMLToken.m in Sources */,
				62AE594119F9907C0043F069 /* HTMLTagToken.m in Sources */,
				62AE594619F992F30043F069 /* HTMLCommentToken.m in Sources */,
				62AE593C19F97E1C0043F069 /* HTMLDOCTYPEToken.m in Sources */,
				62F873ED19E088C90062683C /* HTMLParser.m in Sources */,
				6279F87619E1808D00F12EE5 /* HTMLElement.m in Sources */,
				625A150A19C78ABA00AD0C32 /* HTMLInputStreamReader.m in Sources */,
				624493A819CCC54100BCDDF4 /* HTMLTokenizer.m in Sources */,
				625A14BE19C7829400AD0C32 /* HTMLKit.m in Sources */,
				623857981A9E8606003A45D9 /* HTMLDocumentType.m in Sources */,
				62AE594B19F9948A0043F069 /* HTMLCharacterToken.m in Sources */,
				623458501A9D2FA4009BD491 /* HTMLNode.m in Sources */,
				62F31FDF19E9DCCF007F0657 /* HTMLTokenizerEntities.m in Sources */,
				62AE593719F97D880043F069 /* HTMLParseErrorToken.m in Sources */,
			);
			runOnlyForDeploymentPostprocessing = 0;
		};
		625A14BF19C7829400AD0C32 /* Sources */ = {
			isa = PBXSourcesBuildPhase;
			buildActionMask = 2147483647;
			files = (
				624AC90219FBF9ED00BD3C4A /* HTMLTokenizerTests.m in Sources */,
				62D8345A19FB1AC4009205A9 /* HTML5LibTest.m in Sources */,
				625A14D119C7829400AD0C32 /* HTMLKitTests.m in Sources */,
			);
			runOnlyForDeploymentPostprocessing = 0;
		};
		625A14DA19C7834000AD0C32 /* Sources */ = {
			isa = PBXSourcesBuildPhase;
			buildActionMask = 2147483647;
			files = (
				6238579C1A9E8934003A45D9 /* HTMLComment.m in Sources */,
				624493AD19CD0CBE00BCDDF4 /* HTMLToken.m in Sources */,
				62AE594019F9907C0043F069 /* HTMLTagToken.m in Sources */,
				62AE594519F992F30043F069 /* HTMLCommentToken.m in Sources */,
				62AE593B19F97E1C0043F069 /* HTMLDOCTYPEToken.m in Sources */,
				62F873EC19E088C90062683C /* HTMLParser.m in Sources */,
				6279F87519E1808D00F12EE5 /* HTMLElement.m in Sources */,
				625A150919C78ABA00AD0C32 /* HTMLInputStreamReader.m in Sources */,
				624493A719CCC54100BCDDF4 /* HTMLTokenizer.m in Sources */,
				625A150219C783DE00AD0C32 /* HTMLKit.m in Sources */,
				623857971A9E8606003A45D9 /* HTMLDocumentType.m in Sources */,
				62AE594A19F9948A0043F069 /* HTMLCharacterToken.m in Sources */,
				6234584F1A9D2FA4009BD491 /* HTMLNode.m in Sources */,
				62F31FDE19E9DCCF007F0657 /* HTMLTokenizerEntities.m in Sources */,
				62AE593619F97D880043F069 /* HTMLParseErrorToken.m in Sources */,
			);
			runOnlyForDeploymentPostprocessing = 0;
		};
		625A14E819C7834100AD0C32 /* Sources */ = {
			isa = PBXSourcesBuildPhase;
			buildActionMask = 2147483647;
			files = (
				624AC90119FBF9ED00BD3C4A /* HTMLTokenizerTests.m in Sources */,
				62D8345919FB1AC4009205A9 /* HTML5LibTest.m in Sources */,
				625A150519C783FD00AD0C32 /* HTMLKitTests.m in Sources */,
			);
			runOnlyForDeploymentPostprocessing = 0;
		};
/* End PBXSourcesBuildPhase section */

/* Begin PBXTargetDependency section */
		625A14C819C7829400AD0C32 /* PBXTargetDependency */ = {
			isa = PBXTargetDependency;
			target = 625A14AB19C7829400AD0C32 /* HTMLKitFramework */;
			targetProxy = 625A14C719C7829400AD0C32 /* PBXContainerItemProxy */;
		};
		625A14F219C7834100AD0C32 /* PBXTargetDependency */ = {
			isa = PBXTargetDependency;
			target = 625A14DD19C7834000AD0C32 /* HTMLKit */;
			targetProxy = 625A14F119C7834100AD0C32 /* PBXContainerItemProxy */;
		};
/* End PBXTargetDependency section */

/* Begin PBXVariantGroup section */
		625A14B819C7829400AD0C32 /* InfoPlist.strings */ = {
			isa = PBXVariantGroup;
			children = (
				625A14B919C7829400AD0C32 /* en */,
			);
			name = InfoPlist.strings;
			sourceTree = "<group>";
		};
		625A14CD19C7829400AD0C32 /* InfoPlist.strings */ = {
			isa = PBXVariantGroup;
			children = (
				625A14CE19C7829400AD0C32 /* en */,
			);
			name = InfoPlist.strings;
			sourceTree = "<group>";
		};
/* End PBXVariantGroup section */

/* Begin XCBuildConfiguration section */
		625A14D219C7829400AD0C32 /* Debug */ = {
			isa = XCBuildConfiguration;
			buildSettings = {
				ALWAYS_SEARCH_USER_PATHS = NO;
				CLANG_CXX_LANGUAGE_STANDARD = "gnu++0x";
				CLANG_CXX_LIBRARY = "libc++";
				CLANG_ENABLE_MODULES = YES;
				CLANG_ENABLE_OBJC_ARC = YES;
				CLANG_WARN_BOOL_CONVERSION = YES;
				CLANG_WARN_CONSTANT_CONVERSION = YES;
				CLANG_WARN_DIRECT_OBJC_ISA_USAGE = YES_ERROR;
				CLANG_WARN_EMPTY_BODY = YES;
				CLANG_WARN_ENUM_CONVERSION = YES;
				CLANG_WARN_INT_CONVERSION = YES;
				CLANG_WARN_OBJC_ROOT_CLASS = YES_ERROR;
				CLANG_WARN__DUPLICATE_METHOD_MATCH = YES;
				COPY_PHASE_STRIP = NO;
				GCC_C_LANGUAGE_STANDARD = gnu99;
				GCC_DYNAMIC_NO_PIC = NO;
				GCC_ENABLE_OBJC_EXCEPTIONS = YES;
				GCC_OPTIMIZATION_LEVEL = 0;
				GCC_PREPROCESSOR_DEFINITIONS = (
					"DEBUG=1",
					"$(inherited)",
				);
				GCC_SYMBOLS_PRIVATE_EXTERN = NO;
				GCC_WARN_64_TO_32_BIT_CONVERSION = YES;
				GCC_WARN_ABOUT_RETURN_TYPE = YES_ERROR;
				GCC_WARN_UNDECLARED_SELECTOR = YES;
				GCC_WARN_UNINITIALIZED_AUTOS = YES_AGGRESSIVE;
				GCC_WARN_UNUSED_FUNCTION = YES;
				GCC_WARN_UNUSED_VARIABLE = YES;
				MACOSX_DEPLOYMENT_TARGET = 10.9;
				ONLY_ACTIVE_ARCH = YES;
				SDKROOT = macosx;
			};
			name = Debug;
		};
		625A14D319C7829400AD0C32 /* Release */ = {
			isa = XCBuildConfiguration;
			buildSettings = {
				ALWAYS_SEARCH_USER_PATHS = NO;
				CLANG_CXX_LANGUAGE_STANDARD = "gnu++0x";
				CLANG_CXX_LIBRARY = "libc++";
				CLANG_ENABLE_MODULES = YES;
				CLANG_ENABLE_OBJC_ARC = YES;
				CLANG_WARN_BOOL_CONVERSION = YES;
				CLANG_WARN_CONSTANT_CONVERSION = YES;
				CLANG_WARN_DIRECT_OBJC_ISA_USAGE = YES_ERROR;
				CLANG_WARN_EMPTY_BODY = YES;
				CLANG_WARN_ENUM_CONVERSION = YES;
				CLANG_WARN_INT_CONVERSION = YES;
				CLANG_WARN_OBJC_ROOT_CLASS = YES_ERROR;
				CLANG_WARN__DUPLICATE_METHOD_MATCH = YES;
				COPY_PHASE_STRIP = YES;
				DEBUG_INFORMATION_FORMAT = "dwarf-with-dsym";
				ENABLE_NS_ASSERTIONS = NO;
				GCC_C_LANGUAGE_STANDARD = gnu99;
				GCC_ENABLE_OBJC_EXCEPTIONS = YES;
				GCC_WARN_64_TO_32_BIT_CONVERSION = YES;
				GCC_WARN_ABOUT_RETURN_TYPE = YES_ERROR;
				GCC_WARN_UNDECLARED_SELECTOR = YES;
				GCC_WARN_UNINITIALIZED_AUTOS = YES_AGGRESSIVE;
				GCC_WARN_UNUSED_FUNCTION = YES;
				GCC_WARN_UNUSED_VARIABLE = YES;
				MACOSX_DEPLOYMENT_TARGET = 10.9;
				SDKROOT = macosx;
			};
			name = Release;
		};
		625A14D519C7829400AD0C32 /* Debug */ = {
			isa = XCBuildConfiguration;
			buildSettings = {
				COMBINE_HIDPI_IMAGES = YES;
				DYLIB_COMPATIBILITY_VERSION = 1;
				DYLIB_CURRENT_VERSION = 1;
				FRAMEWORK_VERSION = A;
				GCC_PRECOMPILE_PREFIX_HEADER = YES;
				GCC_PREFIX_HEADER = "HTMLKit/HTMLKit-Prefix.pch";
				INFOPLIST_FILE = "HTMLKit/HTMLKit-Info.plist";
				PRODUCT_NAME = HTMLKit;
				WRAPPER_EXTENSION = framework;
			};
			name = Debug;
		};
		625A14D619C7829400AD0C32 /* Release */ = {
			isa = XCBuildConfiguration;
			buildSettings = {
				COMBINE_HIDPI_IMAGES = YES;
				DYLIB_COMPATIBILITY_VERSION = 1;
				DYLIB_CURRENT_VERSION = 1;
				FRAMEWORK_VERSION = A;
				GCC_PRECOMPILE_PREFIX_HEADER = YES;
				GCC_PREFIX_HEADER = "HTMLKit/HTMLKit-Prefix.pch";
				INFOPLIST_FILE = "HTMLKit/HTMLKit-Info.plist";
				PRODUCT_NAME = HTMLKit;
				WRAPPER_EXTENSION = framework;
			};
			name = Release;
		};
		625A14D819C7829400AD0C32 /* Debug */ = {
			isa = XCBuildConfiguration;
			buildSettings = {
				BUNDLE_LOADER = "$(BUILT_PRODUCTS_DIR)/HTMLKit.framework/Versions/A/HTMLKit";
				COMBINE_HIDPI_IMAGES = YES;
				FRAMEWORK_SEARCH_PATHS = (
					"$(DEVELOPER_FRAMEWORKS_DIR)",
					"$(inherited)",
				);
				GCC_PRECOMPILE_PREFIX_HEADER = YES;
				GCC_PREFIX_HEADER = "HTMLKit/HTMLKit-Prefix.pch";
				GCC_PREPROCESSOR_DEFINITIONS = (
					"DEBUG=1",
					"$(inherited)",
				);
				INFOPLIST_FILE = "HTMLKitTests/HTMLKitTests-Info.plist";
				PRODUCT_NAME = "$(TARGET_NAME)";
				TEST_HOST = "$(BUNDLE_LOADER)";
				WRAPPER_EXTENSION = xctest;
			};
			name = Debug;
		};
		625A14D919C7829400AD0C32 /* Release */ = {
			isa = XCBuildConfiguration;
			buildSettings = {
				BUNDLE_LOADER = "$(BUILT_PRODUCTS_DIR)/HTMLKit.framework/Versions/A/HTMLKit";
				COMBINE_HIDPI_IMAGES = YES;
				FRAMEWORK_SEARCH_PATHS = (
					"$(DEVELOPER_FRAMEWORKS_DIR)",
					"$(inherited)",
				);
				GCC_PRECOMPILE_PREFIX_HEADER = YES;
				GCC_PREFIX_HEADER = "HTMLKit/HTMLKit-Prefix.pch";
				INFOPLIST_FILE = "HTMLKitTests/HTMLKitTests-Info.plist";
				PRODUCT_NAME = "$(TARGET_NAME)";
				TEST_HOST = "$(BUNDLE_LOADER)";
				WRAPPER_EXTENSION = xctest;
			};
			name = Release;
		};
		625A14FD19C7834100AD0C32 /* Debug */ = {
			isa = XCBuildConfiguration;
			buildSettings = {
				DSTROOT = /tmp/HTMLKit.dst;
				GCC_PRECOMPILE_PREFIX_HEADER = YES;
				GCC_PREFIX_HEADER = "HTMLKit/HTMLKit-Prefix.pch";
				GCC_PREPROCESSOR_DEFINITIONS = (
					"DEBUG=1",
					"$(inherited)",
				);
				IPHONEOS_DEPLOYMENT_TARGET = 7.1;
				OTHER_LDFLAGS = "-ObjC";
				PRODUCT_NAME = HTMLKit;
				SDKROOT = iphoneos;
				SKIP_INSTALL = YES;
			};
			name = Debug;
		};
		625A14FE19C7834100AD0C32 /* Release */ = {
			isa = XCBuildConfiguration;
			buildSettings = {
				DSTROOT = /tmp/HTMLKit.dst;
				GCC_PRECOMPILE_PREFIX_HEADER = YES;
				GCC_PREFIX_HEADER = "HTMLKit/HTMLKit-Prefix.pch";
				IPHONEOS_DEPLOYMENT_TARGET = 7.1;
				OTHER_LDFLAGS = "-ObjC";
				PRODUCT_NAME = HTMLKit;
				SDKROOT = iphoneos;
				SKIP_INSTALL = YES;
				VALIDATE_PRODUCT = YES;
			};
			name = Release;
		};
		625A150019C7834100AD0C32 /* Debug */ = {
			isa = XCBuildConfiguration;
			buildSettings = {
				BUNDLE_LOADER = "$(BUILT_PRODUCTS_DIR)/HTMLKit.framework/Versions/A/HTMLKit";
				FRAMEWORK_SEARCH_PATHS = (
					"$(SDKROOT)/Developer/Library/Frameworks",
					"$(inherited)",
					"$(DEVELOPER_FRAMEWORKS_DIR)",
				);
				GCC_PRECOMPILE_PREFIX_HEADER = YES;
				GCC_PREFIX_HEADER = "HTMLKit/HTMLKit-Prefix.pch";
				GCC_PREPROCESSOR_DEFINITIONS = (
					"DEBUG=1",
					"$(inherited)",
				);
				INFOPLIST_FILE = "HTMLKitTests/HTMLKitTests-Info.plist";
				IPHONEOS_DEPLOYMENT_TARGET = 7.1;
				PRODUCT_NAME = "$(TARGET_NAME)";
				SDKROOT = iphoneos;
				TEST_HOST = "$(BUNDLE_LOADER)";
				WRAPPER_EXTENSION = xctest;
			};
			name = Debug;
		};
		625A150119C7834100AD0C32 /* Release */ = {
			isa = XCBuildConfiguration;
			buildSettings = {
				BUNDLE_LOADER = "$(BUILT_PRODUCTS_DIR)/HTMLKit.framework/Versions/A/HTMLKit";
				FRAMEWORK_SEARCH_PATHS = (
					"$(SDKROOT)/Developer/Library/Frameworks",
					"$(inherited)",
					"$(DEVELOPER_FRAMEWORKS_DIR)",
				);
				GCC_PRECOMPILE_PREFIX_HEADER = YES;
				GCC_PREFIX_HEADER = "HTMLKit/HTMLKit-Prefix.pch";
				INFOPLIST_FILE = "HTMLKitTests/HTMLKitTests-Info.plist";
				IPHONEOS_DEPLOYMENT_TARGET = 7.1;
				PRODUCT_NAME = "$(TARGET_NAME)";
				SDKROOT = iphoneos;
				TEST_HOST = "$(BUNDLE_LOADER)";
				VALIDATE_PRODUCT = YES;
				WRAPPER_EXTENSION = xctest;
			};
			name = Release;
		};
/* End XCBuildConfiguration section */

/* Begin XCConfigurationList section */
		625A14A619C7829400AD0C32 /* Build configuration list for PBXProject "HTMLKit" */ = {
			isa = XCConfigurationList;
			buildConfigurations = (
				625A14D219C7829400AD0C32 /* Debug */,
				625A14D319C7829400AD0C32 /* Release */,
			);
			defaultConfigurationIsVisible = 0;
			defaultConfigurationName = Release;
		};
		625A14D419C7829400AD0C32 /* Build configuration list for PBXNativeTarget "HTMLKitFramework" */ = {
			isa = XCConfigurationList;
			buildConfigurations = (
				625A14D519C7829400AD0C32 /* Debug */,
				625A14D619C7829400AD0C32 /* Release */,
			);
			defaultConfigurationIsVisible = 0;
			defaultConfigurationName = Release;
		};
		625A14D719C7829400AD0C32 /* Build configuration list for PBXNativeTarget "HTMLKitFrameworkTests" */ = {
			isa = XCConfigurationList;
			buildConfigurations = (
				625A14D819C7829400AD0C32 /* Debug */,
				625A14D919C7829400AD0C32 /* Release */,
			);
			defaultConfigurationIsVisible = 0;
			defaultConfigurationName = Release;
		};
		625A14FC19C7834100AD0C32 /* Build configuration list for PBXNativeTarget "HTMLKit" */ = {
			isa = XCConfigurationList;
			buildConfigurations = (
				625A14FD19C7834100AD0C32 /* Debug */,
				625A14FE19C7834100AD0C32 /* Release */,
			);
			defaultConfigurationIsVisible = 0;
			defaultConfigurationName = Release;
		};
		625A14FF19C7834100AD0C32 /* Build configuration list for PBXNativeTarget "HTMLKitTests" */ = {
			isa = XCConfigurationList;
			buildConfigurations = (
				625A150019C7834100AD0C32 /* Debug */,
				625A150119C7834100AD0C32 /* Release */,
			);
			defaultConfigurationIsVisible = 0;
			defaultConfigurationName = Release;
		};
/* End XCConfigurationList section */
	};
	rootObject = 625A14A319C7829400AD0C32 /* Project object */;
}
